--only-binary=:all:

cbor2==6.1.4 \
    --hash=sha256:310f3dfb296ba48fe9b63c5cf26e691e3548a1eae6901d2f0c18e941d151f220
cffi==2.1.1 \
    --hash=sha256:c1453022f490d2459a11819d83ad1d586e9ff65a12ac3e705ffebd46d3685dcf
cryptography==50.0.0 \
    --hash=sha256:b42a28c1844fd9de8f3f7d540e36b66f3a9c83fceac7170ebc7a6a19edd9dcae
pyasn1==0.6.4 \
    --hash=sha256:deda9277cfd454080ec40b207fb6df82206a3a2688735233cdcd8d3d565f088b
pyasn1-modules==0.4.2 \
    --hash=sha256:29253a9207ce32b64c3ac6600edc75368f98473906e8fd1043bd6b5b1de2c14a
pycparser==3.0 \
    --hash=sha256:b727414169a36b7d524c1c3e31839a521725078d7b2ff038656844266160a992
pyOpenSSL==26.4.0 \
    --hash=sha256:f0eb0cb2d581d3ad2b9c489468485e7f2ab6727d08401bcf9d824c3caddf3c1c
typing-extensions==4.15.0 \
    --hash=sha256:f0fa19c6845758ab08074a0cfa8b7aecb71c999ca73d62883bc25cc018c4e548
webauthn==3.0.0 \
    --hash=sha256:b5d0c02b6efa16be683f8a75abd2073f5e59a15f42623cc22c31f27600259e64
